
Microsoft Visual Studio Solution File, Format Version 12.00
# Visual Studio Version 17
VisualStudioVersion = 17.3.32901.215
MinimumVisualStudioVersion = 10.0.40219.1
Project("{A07B5EB6-E848-4116-A8D0-A826331D98C6}") = "Pi4SmartHome.Admin.SF", "Pi4SmartHome.Admin.SF\Pi4SmartHome.Admin.SF.sfproj", "{D2D3F95F-142A-42AF-8A40-A078EEFDE8BF}"
EndProject
Project("{9A19103F-16F7-4668-BE54-9A1E7A4F7556}") = "AdminManagementWebApiService", "AdminManagementWebApiService\AdminManagementWebApiService.csproj", "{67D05FD1-F93C-47B0-907B-AA2F072F0332}"
EndProject
Project("{2150E333-8FDC-42A3-9474-1A3956D46DE8}") = "src", "src", "{EBAFD0AD-A48B-4218-9A7E-0C62D270EB3F}"
EndProject
Project("{2150E333-8FDC-42A3-9474-1A3956D46DE8}") = "Pi4SmartHome.Admin.SF", "Pi4SmartHome.Admin.SF", "{E381BABA-A3BD-4535-A721-87978174170B}"
EndProject
Project("{2150E333-8FDC-42A3-9474-1A3956D46DE8}") = "Admin.SF.Services", "Admin.SF.Services", "{7717A788-31FD-46C4-AEEE-0A1860F4CAA0}"
EndProject
Project("{2150E333-8FDC-42A3-9474-1A3956D46DE8}") = "AdminManagementWebApi", "AdminManagementWebApi", "{58B47ECF-7DE5-4AC2-9EBC-EB624F0E7BE5}"
EndProject
Project("{2150E333-8FDC-42A3-9474-1A3956D46DE8}") = "AdminManagementDSL", "AdminManagementDSL", "{2406CE3A-C69E-469E-9023-94D3CDFD7FE3}"
EndProject
Project("{9A19103F-16F7-4668-BE54-9A1E7A4F7556}") = "AdminManagementDSLService", "AdminManagementDSLService\AdminManagementDSLService.csproj", "{2B9FB982-F95C-4396-9596-7666AB7EE52B}"
EndProject
Project("{2150E333-8FDC-42A3-9474-1A3956D46DE8}") = "CommonLibs", "CommonLibs", "{8E022C57-65D4-4062-B2F4-C4D6DC5FD8B4}"
EndProject
Project("{2150E333-8FDC-42A3-9474-1A3956D46DE8}") = "Pi4SmartHome.Shared", "Pi4SmartHome.Shared", "{A80F2367-36F0-4474-8947-B88298B7ABBA}"
EndProject
Project("{9A19103F-16F7-4668-BE54-9A1E7A4F7556}") = "Pi4SmartHome.Core", "Pi4SmartHome.Core\Pi4SmartHome.Core.csproj", "{18B9DDAD-D0EF-4A0F-94DE-B7E78FE0F510}"
EndProject
Project("{9A19103F-16F7-4668-BE54-9A1E7A4F7556}") = "Pi4SmartHome.Core.RabbitMQ", "Pi4SmartHome.Core.RabbitMQ\Pi4SmartHome.Core.RabbitMQ.csproj", "{1FBB2045-2A20-44C0-812C-9AB84125B386}"
EndProject
Project("{2150E333-8FDC-42A3-9474-1A3956D46DE8}") = "TenantManager", "TenantManager", "{39442EDF-7F31-4DFC-9C22-595A2FDB638E}"
EndProject
Project("{2150E333-8FDC-42A3-9474-1A3956D46DE8}") = "CommonLibs", "CommonLibs", "{5B412996-7E3F-4910-ABFA-0538F26137AC}"
EndProject
Project("{2150E333-8FDC-42A3-9474-1A3956D46DE8}") = "Pi4SmartHome.SF", "Pi4SmartHome.SF", "{EE6B97FD-C9E9-4940-ABA1-5325A116985D}"
EndProject
Project("{2150E333-8FDC-42A3-9474-1A3956D46DE8}") = "SF.Services", "SF.Services", "{BFC77461-235A-41E8-BF34-B904E29D3907}"
EndProject
Project("{9A19103F-16F7-4668-BE54-9A1E7A4F7556}") = "AdminManagementDSL.Core", "AdminManagementDSL.Core\AdminManagementDSL.Core.csproj", "{BE677003-1228-487D-9597-1F7936A6477A}"
EndProject
Project("{9A19103F-16F7-4668-BE54-9A1E7A4F7556}") = "AdminManagementDSL.Application", "AdminManagementDSL.Application\AdminManagementDSL.Application.csproj", "{00CC7A58-A86C-474C-9FE5-6410031CCA5E}"
EndProject
Project("{9A19103F-16F7-4668-BE54-9A1E7A4F7556}") = "AdminManagementDSL.Infrastructure", "AdminManagementDSL.Infrastructure\AdminManagementDSL.Infrastructure.csproj", "{30118CFF-0837-44B7-BA35-70BE09F2F702}"
EndProject
Project("{9A19103F-16F7-4668-BE54-9A1E7A4F7556}") = "AdminManagementDSL.AdminDSL", "AdminManagementDSL.AdminDSL\AdminManagementDSL.AdminDSL.csproj", "{092FFA03-A51D-47BD-BC93-C7E881AFDC21}"
EndProject
Project("{A07B5EB6-E848-4116-A8D0-A826331D98C6}") = "Pi4SmartHome.SF", "Pi4SmartHome.SF\Pi4SmartHome.SF.sfproj", "{E924E775-2A54-43A5-AF29-60308070E803}"
EndProject
Project("{2150E333-8FDC-42A3-9474-1A3956D46DE8}") = "Pi4SmartHomeDSL", "Pi4SmartHomeDSL", "{34D8851D-7EA2-4E5A-9390-123D9C4286A4}"
EndProject
Project("{2150E333-8FDC-42A3-9474-1A3956D46DE8}") = "CommonLibs", "CommonLibs", "{FE0137E6-5C6D-4AA6-B35C-E683A9484A79}"
EndProject
Project("{9A19103F-16F7-4668-BE54-9A1E7A4F7556}") = "Pi4SmartHomeDSL.Core", "Pi4SmartHomeDSL.Core\Pi4SmartHomeDSL.Core.csproj", "{76113461-3DDD-46E1-BADC-2AC11427A68B}"
EndProject
Project("{9A19103F-16F7-4668-BE54-9A1E7A4F7556}") = "Pi4SmartHomeDSL.Application", "Pi4SmartHomeDSL.Application\Pi4SmartHomeDSL.Application.csproj", "{FB259277-5593-435E-A58C-EF9F7B880450}"
EndProject
Project("{9A19103F-16F7-4668-BE54-9A1E7A4F7556}") = "Pi4SmartHomeDSL.Infrastructure", "Pi4SmartHomeDSL.Infrastructure\Pi4SmartHomeDSL.Infrastructure.csproj", "{51F40A9B-9885-4D00-BDF3-4A1986DDA866}"
EndProject
Project("{9A19103F-16F7-4668-BE54-9A1E7A4F7556}") = "Pi4SmartHomeDSL.DSL", "Pi4SmartHomeDSL.DSL\Pi4SmartHomeDSL.DSL.csproj", "{5F5CC5C5-1C4A-4B0D-8541-01F09627D09B}"
EndProject
Project("{9A19103F-16F7-4668-BE54-9A1E7A4F7556}") = "Pi4SmartHomeDSL.DSLService", "Pi4SmartHomeDSL.DSLService\Pi4SmartHomeDSL.DSLService.csproj", "{97B8529F-7C99-4F6E-977D-DF007406930A}"
EndProject
Project("{9A19103F-16F7-4668-BE54-9A1E7A4F7556}") = "AdminManagementDSL.Test", "AdminManagementDSL.Test\AdminManagementDSL.Test.csproj", "{97F1E22B-EDAA-4118-A63C-15F4148DA5A2}"
EndProject
Project("{2150E333-8FDC-42A3-9474-1A3956D46DE8}") = "CommonLibs", "CommonLibs", "{42E281F0-94A4-4147-95AC-43D0F6E3A3C2}"
EndProject
Project("{9A19103F-16F7-4668-BE54-9A1E7A4F7556}") = "AdminManagementWebApi.Test", "AdminManagementWebApi.Test\AdminManagementWebApi.Test.csproj", "{40EFEE5A-7B0B-4093-B968-44FEF186DCB2}"
EndProject
Project("{9A19103F-16F7-4668-BE54-9A1E7A4F7556}") = "AdminManagementDSL.Service", "AdminManagementDSL.Service\AdminManagementDSL.Service.csproj", "{17E043A0-74BE-4498-8071-CC9DB84990A8}"
EndProject
Project("{2150E333-8FDC-42A3-9474-1A3956D46DE8}") = "DeviceManagement", "DeviceManagement", "{B5D4336D-4387-42E8-A3CC-B5051A79F89D}"
EndProject
Project("{2150E333-8FDC-42A3-9474-1A3956D46DE8}") = "CommonLibs", "CommonLibs", "{AE06DCDF-9043-40F6-987F-523758843FD7}"
EndProject
Project("{9A19103F-16F7-4668-BE54-9A1E7A4F7556}") = "Pi4SmartHomeDSL.Test", "Pi4SmartHomeDSL.Test\Pi4SmartHomeDSL.Test.csproj", "{D464C8CF-6215-4018-95BF-6BC07461814C}"
EndProject
Project("{9A19103F-16F7-4668-BE54-9A1E7A4F7556}") = "DeviceManagement.Service", "DeviceManagement.Service\DeviceManagement.Service.csproj", "{13CBF85C-AAA6-4531-8B15-02863C79D226}"
EndProject
Project("{2150E333-8FDC-42A3-9474-1A3956D46DE8}") = "Pi4SmartHomeWebApi", "Pi4SmartHomeWebApi", "{B88896FB-4845-4712-B1D4-3E9CDF5BAB38}"
EndProject
Project("{9A19103F-16F7-4668-BE54-9A1E7A4F7556}") = "DeviceManagement.Core", "DeviceManagement.Core\DeviceManagement.Core.csproj", "{EC35E59B-A76E-4B4E-B324-8A9DF5145923}"
EndProject
Project("{9A19103F-16F7-4668-BE54-9A1E7A4F7556}") = "DeviceManagement.Application", "DeviceManagement.Application\DeviceManagement.Application.csproj", "{35C8C5F1-3145-4929-A660-6E78A41B8DD4}"
EndProject
Project("{9A19103F-16F7-4668-BE54-9A1E7A4F7556}") = "DeviceManagement.Infrastructure", "DeviceManagement.Infrastructure\DeviceManagement.Infrastructure.csproj", "{FA1DD566-77EA-46C5-992F-9ABF85A7D499}"
EndProject
Project("{9A19103F-16F7-4668-BE54-9A1E7A4F7556}") = "DeviceManagement.Test", "DeviceManagement.Test\DeviceManagement.Test.csproj", "{7221F7E6-48F4-43A8-BE2C-CA92D6BE4691}"
EndProject
Project("{2150E333-8FDC-42A3-9474-1A3956D46DE8}") = "CloudToDevice", "CloudToDevice", "{D445C24E-9EBF-4E70-A413-4546C483A73C}"
EndProject
Project("{2150E333-8FDC-42A3-9474-1A3956D46DE8}") = "CommonLibs", "CommonLibs", "{D181EA46-FA55-4655-89E4-DA6A3F753D79}"
EndProject
Project("{FAE04EC0-301F-11D3-BF4B-00C04F79EFBC}") = "CloudToDeviceService", "CloudToDeviceService\CloudToDeviceService.csproj", "{2A3B4E5F-0794-4B0B-99BA-423B20BDA79F}"
EndProject
Project("{2150E333-8FDC-42A3-9474-1A3956D46DE8}") = "CommonLibs", "CommonLibs", "{5841B2F6-9402-4A45-BFF9-6D3A39FFE974}"
EndProject
Project("{FAE04EC0-301F-11D3-BF4B-00C04F79EFBC}") = "Pi4SmartHomeWebApi.Test", "Pi4SmartHomeWebApi.Test\Pi4SmartHomeWebApi.Test.csproj", "{7549E3DF-72BE-4B7F-9F73-5FA500160C73}"
EndProject
Project("{FAE04EC0-301F-11D3-BF4B-00C04F79EFBC}") = "Pi4SmartHomeWebApiService", "Pi4SmartHomeWebApiService\Pi4SmartHomeWebApiService.csproj", "{1014A415-992C-4759-86B2-C70BA208AAF8}"
EndProject
Global
	GlobalSection(SolutionConfigurationPlatforms) = preSolution
		Debug|Any CPU = Debug|Any CPU
		Debug|x64 = Debug|x64
		Release|Any CPU = Release|Any CPU
		Release|x64 = Release|x64
	EndGlobalSection
	GlobalSection(ProjectConfigurationPlatforms) = postSolution
		{D2D3F95F-142A-42AF-8A40-A078EEFDE8BF}.Debug|Any CPU.ActiveCfg = Debug|x64
		{D2D3F95F-142A-42AF-8A40-A078EEFDE8BF}.Debug|Any CPU.Build.0 = Debug|x64
		{D2D3F95F-142A-42AF-8A40-A078EEFDE8BF}.Debug|Any CPU.Deploy.0 = Debug|x64
		{D2D3F95F-142A-42AF-8A40-A078EEFDE8BF}.Debug|x64.ActiveCfg = Debug|x64
		{D2D3F95F-142A-42AF-8A40-A078EEFDE8BF}.Debug|x64.Build.0 = Debug|x64
		{D2D3F95F-142A-42AF-8A40-A078EEFDE8BF}.Debug|x64.Deploy.0 = Debug|x64
		{D2D3F95F-142A-42AF-8A40-A078EEFDE8BF}.Release|Any CPU.ActiveCfg = Release|x64
		{D2D3F95F-142A-42AF-8A40-A078EEFDE8BF}.Release|Any CPU.Build.0 = Release|x64
		{D2D3F95F-142A-42AF-8A40-A078EEFDE8BF}.Release|Any CPU.Deploy.0 = Release|x64
		{D2D3F95F-142A-42AF-8A40-A078EEFDE8BF}.Release|x64.ActiveCfg = Release|x64
		{D2D3F95F-142A-42AF-8A40-A078EEFDE8BF}.Release|x64.Build.0 = Release|x64
		{D2D3F95F-142A-42AF-8A40-A078EEFDE8BF}.Release|x64.Deploy.0 = Release|x64
		{67D05FD1-F93C-47B0-907B-AA2F072F0332}.Debug|Any CPU.ActiveCfg = Debug|Any CPU
		{67D05FD1-F93C-47B0-907B-AA2F072F0332}.Debug|Any CPU.Build.0 = Debug|Any CPU
		{67D05FD1-F93C-47B0-907B-AA2F072F0332}.Debug|x64.ActiveCfg = Debug|Any CPU
		{67D05FD1-F93C-47B0-907B-AA2F072F0332}.Debug|x64.Build.0 = Debug|Any CPU
		{67D05FD1-F93C-47B0-907B-AA2F072F0332}.Release|Any CPU.ActiveCfg = Release|Any CPU
		{67D05FD1-F93C-47B0-907B-AA2F072F0332}.Release|Any CPU.Build.0 = Release|Any CPU
		{67D05FD1-F93C-47B0-907B-AA2F072F0332}.Release|x64.ActiveCfg = Release|Any CPU
		{67D05FD1-F93C-47B0-907B-AA2F072F0332}.Release|x64.Build.0 = Release|Any CPU
		{2B9FB982-F95C-4396-9596-7666AB7EE52B}.Debug|Any CPU.ActiveCfg = Debug|Any CPU
		{2B9FB982-F95C-4396-9596-7666AB7EE52B}.Debug|Any CPU.Build.0 = Debug|Any CPU
		{2B9FB982-F95C-4396-9596-7666AB7EE52B}.Debug|x64.ActiveCfg = Debug|Any CPU
		{2B9FB982-F95C-4396-9596-7666AB7EE52B}.Debug|x64.Build.0 = Debug|Any CPU
		{2B9FB982-F95C-4396-9596-7666AB7EE52B}.Release|Any CPU.ActiveCfg = Release|Any CPU
		{2B9FB982-F95C-4396-9596-7666AB7EE52B}.Release|Any CPU.Build.0 = Release|Any CPU
		{2B9FB982-F95C-4396-9596-7666AB7EE52B}.Release|x64.ActiveCfg = Release|Any CPU
		{2B9FB982-F95C-4396-9596-7666AB7EE52B}.Release|x64.Build.0 = Release|Any CPU
		{18B9DDAD-D0EF-4A0F-94DE-B7E78FE0F510}.Debug|Any CPU.ActiveCfg = Debug|Any CPU
		{18B9DDAD-D0EF-4A0F-94DE-B7E78FE0F510}.Debug|Any CPU.Build.0 = Debug|Any CPU
		{18B9DDAD-D0EF-4A0F-94DE-B7E78FE0F510}.Debug|x64.ActiveCfg = Debug|Any CPU
		{18B9DDAD-D0EF-4A0F-94DE-B7E78FE0F510}.Debug|x64.Build.0 = Debug|Any CPU
		{18B9DDAD-D0EF-4A0F-94DE-B7E78FE0F510}.Release|Any CPU.ActiveCfg = Release|Any CPU
		{18B9DDAD-D0EF-4A0F-94DE-B7E78FE0F510}.Release|Any CPU.Build.0 = Release|Any CPU
		{18B9DDAD-D0EF-4A0F-94DE-B7E78FE0F510}.Release|x64.ActiveCfg = Release|Any CPU
		{18B9DDAD-D0EF-4A0F-94DE-B7E78FE0F510}.Release|x64.Build.0 = Release|Any CPU
		{1FBB2045-2A20-44C0-812C-9AB84125B386}.Debug|Any CPU.ActiveCfg = Debug|Any CPU
		{1FBB2045-2A20-44C0-812C-9AB84125B386}.Debug|Any CPU.Build.0 = Debug|Any CPU
		{1FBB2045-2A20-44C0-812C-9AB84125B386}.Debug|x64.ActiveCfg = Debug|Any CPU
		{1FBB2045-2A20-44C0-812C-9AB84125B386}.Debug|x64.Build.0 = Debug|Any CPU
		{1FBB2045-2A20-44C0-812C-9AB84125B386}.Release|Any CPU.ActiveCfg = Release|Any CPU
		{1FBB2045-2A20-44C0-812C-9AB84125B386}.Release|Any CPU.Build.0 = Release|Any CPU
		{1FBB2045-2A20-44C0-812C-9AB84125B386}.Release|x64.ActiveCfg = Release|Any CPU
		{1FBB2045-2A20-44C0-812C-9AB84125B386}.Release|x64.Build.0 = Release|Any CPU
		{BE677003-1228-487D-9597-1F7936A6477A}.Debug|Any CPU.ActiveCfg = Debug|Any CPU
		{BE677003-1228-487D-9597-1F7936A6477A}.Debug|Any CPU.Build.0 = Debug|Any CPU
		{BE677003-1228-487D-9597-1F7936A6477A}.Debug|x64.ActiveCfg = Debug|Any CPU
		{BE677003-1228-487D-9597-1F7936A6477A}.Debug|x64.Build.0 = Debug|Any CPU
		{BE677003-1228-487D-9597-1F7936A6477A}.Release|Any CPU.ActiveCfg = Release|Any CPU
		{BE677003-1228-487D-9597-1F7936A6477A}.Release|Any CPU.Build.0 = Release|Any CPU
		{BE677003-1228-487D-9597-1F7936A6477A}.Release|x64.ActiveCfg = Release|Any CPU
		{BE677003-1228-487D-9597-1F7936A6477A}.Release|x64.Build.0 = Release|Any CPU
		{00CC7A58-A86C-474C-9FE5-6410031CCA5E}.Debug|Any CPU.ActiveCfg = Debug|Any CPU
		{00CC7A58-A86C-474C-9FE5-6410031CCA5E}.Debug|Any CPU.Build.0 = Debug|Any CPU
		{00CC7A58-A86C-474C-9FE5-6410031CCA5E}.Debug|x64.ActiveCfg = Debug|Any CPU
		{00CC7A58-A86C-474C-9FE5-6410031CCA5E}.Debug|x64.Build.0 = Debug|Any CPU
		{00CC7A58-A86C-474C-9FE5-6410031CCA5E}.Release|Any CPU.ActiveCfg = Release|Any CPU
		{00CC7A58-A86C-474C-9FE5-6410031CCA5E}.Release|Any CPU.Build.0 = Release|Any CPU
		{00CC7A58-A86C-474C-9FE5-6410031CCA5E}.Release|x64.ActiveCfg = Release|Any CPU
		{00CC7A58-A86C-474C-9FE5-6410031CCA5E}.Release|x64.Build.0 = Release|Any CPU
		{30118CFF-0837-44B7-BA35-70BE09F2F702}.Debug|Any CPU.ActiveCfg = Debug|Any CPU
		{30118CFF-0837-44B7-BA35-70BE09F2F702}.Debug|Any CPU.Build.0 = Debug|Any CPU
		{30118CFF-0837-44B7-BA35-70BE09F2F702}.Debug|x64.ActiveCfg = Debug|Any CPU
		{30118CFF-0837-44B7-BA35-70BE09F2F702}.Debug|x64.Build.0 = Debug|Any CPU
		{30118CFF-0837-44B7-BA35-70BE09F2F702}.Release|Any CPU.ActiveCfg = Release|Any CPU
		{30118CFF-0837-44B7-BA35-70BE09F2F702}.Release|Any CPU.Build.0 = Release|Any CPU
		{30118CFF-0837-44B7-BA35-70BE09F2F702}.Release|x64.ActiveCfg = Release|Any CPU
		{30118CFF-0837-44B7-BA35-70BE09F2F702}.Release|x64.Build.0 = Release|Any CPU
		{092FFA03-A51D-47BD-BC93-C7E881AFDC21}.Debug|Any CPU.ActiveCfg = Debug|Any CPU
		{092FFA03-A51D-47BD-BC93-C7E881AFDC21}.Debug|Any CPU.Build.0 = Debug|Any CPU
		{092FFA03-A51D-47BD-BC93-C7E881AFDC21}.Debug|x64.ActiveCfg = Debug|Any CPU
		{092FFA03-A51D-47BD-BC93-C7E881AFDC21}.Debug|x64.Build.0 = Debug|Any CPU
		{092FFA03-A51D-47BD-BC93-C7E881AFDC21}.Release|Any CPU.ActiveCfg = Release|Any CPU
		{092FFA03-A51D-47BD-BC93-C7E881AFDC21}.Release|Any CPU.Build.0 = Release|Any CPU
		{092FFA03-A51D-47BD-BC93-C7E881AFDC21}.Release|x64.ActiveCfg = Release|Any CPU
		{092FFA03-A51D-47BD-BC93-C7E881AFDC21}.Release|x64.Build.0 = Release|Any CPU
		{E924E775-2A54-43A5-AF29-60308070E803}.Debug|Any CPU.ActiveCfg = Debug|x64
		{E924E775-2A54-43A5-AF29-60308070E803}.Debug|Any CPU.Build.0 = Debug|x64
		{E924E775-2A54-43A5-AF29-60308070E803}.Debug|Any CPU.Deploy.0 = Debug|x64
		{E924E775-2A54-43A5-AF29-60308070E803}.Debug|x64.ActiveCfg = Debug|x64
		{E924E775-2A54-43A5-AF29-60308070E803}.Debug|x64.Build.0 = Debug|x64
		{E924E775-2A54-43A5-AF29-60308070E803}.Debug|x64.Deploy.0 = Debug|x64
		{E924E775-2A54-43A5-AF29-60308070E803}.Release|Any CPU.ActiveCfg = Release|x64
		{E924E775-2A54-43A5-AF29-60308070E803}.Release|Any CPU.Build.0 = Release|x64
		{E924E775-2A54-43A5-AF29-60308070E803}.Release|Any CPU.Deploy.0 = Release|x64
		{E924E775-2A54-43A5-AF29-60308070E803}.Release|x64.ActiveCfg = Release|x64
		{E924E775-2A54-43A5-AF29-60308070E803}.Release|x64.Build.0 = Release|x64
		{E924E775-2A54-43A5-AF29-60308070E803}.Release|x64.Deploy.0 = Release|x64
		{76113461-3DDD-46E1-BADC-2AC11427A68B}.Debug|Any CPU.ActiveCfg = Debug|Any CPU
		{76113461-3DDD-46E1-BADC-2AC11427A68B}.Debug|Any CPU.Build.0 = Debug|Any CPU
		{76113461-3DDD-46E1-BADC-2AC11427A68B}.Debug|x64.ActiveCfg = Debug|Any CPU
		{76113461-3DDD-46E1-BADC-2AC11427A68B}.Debug|x64.Build.0 = Debug|Any CPU
		{76113461-3DDD-46E1-BADC-2AC11427A68B}.Release|Any CPU.ActiveCfg = Release|Any CPU
		{76113461-3DDD-46E1-BADC-2AC11427A68B}.Release|Any CPU.Build.0 = Release|Any CPU
		{76113461-3DDD-46E1-BADC-2AC11427A68B}.Release|x64.ActiveCfg = Release|Any CPU
		{76113461-3DDD-46E1-BADC-2AC11427A68B}.Release|x64.Build.0 = Release|Any CPU
		{FB259277-5593-435E-A58C-EF9F7B880450}.Debug|Any CPU.ActiveCfg = Debug|Any CPU
		{FB259277-5593-435E-A58C-EF9F7B880450}.Debug|Any CPU.Build.0 = Debug|Any CPU
		{FB259277-5593-435E-A58C-EF9F7B880450}.Debug|x64.ActiveCfg = Debug|Any CPU
		{FB259277-5593-435E-A58C-EF9F7B880450}.Debug|x64.Build.0 = Debug|Any CPU
		{FB259277-5593-435E-A58C-EF9F7B880450}.Release|Any CPU.ActiveCfg = Release|Any CPU
		{FB259277-5593-435E-A58C-EF9F7B880450}.Release|Any CPU.Build.0 = Release|Any CPU
		{FB259277-5593-435E-A58C-EF9F7B880450}.Release|x64.ActiveCfg = Release|Any CPU
		{FB259277-5593-435E-A58C-EF9F7B880450}.Release|x64.Build.0 = Release|Any CPU
		{51F40A9B-9885-4D00-BDF3-4A1986DDA866}.Debug|Any CPU.ActiveCfg = Debug|Any CPU
		{51F40A9B-9885-4D00-BDF3-4A1986DDA866}.Debug|Any CPU.Build.0 = Debug|Any CPU
		{51F40A9B-9885-4D00-BDF3-4A1986DDA866}.Debug|x64.ActiveCfg = Debug|Any CPU
		{51F40A9B-9885-4D00-BDF3-4A1986DDA866}.Debug|x64.Build.0 = Debug|Any CPU
		{51F40A9B-9885-4D00-BDF3-4A1986DDA866}.Release|Any CPU.ActiveCfg = Release|Any CPU
		{51F40A9B-9885-4D00-BDF3-4A1986DDA866}.Release|Any CPU.Build.0 = Release|Any CPU
		{51F40A9B-9885-4D00-BDF3-4A1986DDA866}.Release|x64.ActiveCfg = Release|Any CPU
		{51F40A9B-9885-4D00-BDF3-4A1986DDA866}.Release|x64.Build.0 = Release|Any CPU
		{5F5CC5C5-1C4A-4B0D-8541-01F09627D09B}.Debug|Any CPU.ActiveCfg = Debug|Any CPU
		{5F5CC5C5-1C4A-4B0D-8541-01F09627D09B}.Debug|Any CPU.Build.0 = Debug|Any CPU
		{5F5CC5C5-1C4A-4B0D-8541-01F09627D09B}.Debug|x64.ActiveCfg = Debug|Any CPU
		{5F5CC5C5-1C4A-4B0D-8541-01F09627D09B}.Debug|x64.Build.0 = Debug|Any CPU
		{5F5CC5C5-1C4A-4B0D-8541-01F09627D09B}.Release|Any CPU.ActiveCfg = Release|Any CPU
		{5F5CC5C5-1C4A-4B0D-8541-01F09627D09B}.Release|Any CPU.Build.0 = Release|Any CPU
		{5F5CC5C5-1C4A-4B0D-8541-01F09627D09B}.Release|x64.ActiveCfg = Release|Any CPU
		{5F5CC5C5-1C4A-4B0D-8541-01F09627D09B}.Release|x64.Build.0 = Release|Any CPU
		{97B8529F-7C99-4F6E-977D-DF007406930A}.Debug|Any CPU.ActiveCfg = Debug|Any CPU
		{97B8529F-7C99-4F6E-977D-DF007406930A}.Debug|Any CPU.Build.0 = Debug|Any CPU
		{97B8529F-7C99-4F6E-977D-DF007406930A}.Debug|x64.ActiveCfg = Debug|Any CPU
		{97B8529F-7C99-4F6E-977D-DF007406930A}.Debug|x64.Build.0 = Debug|Any CPU
		{97B8529F-7C99-4F6E-977D-DF007406930A}.Release|Any CPU.ActiveCfg = Release|Any CPU
		{97B8529F-7C99-4F6E-977D-DF007406930A}.Release|Any CPU.Build.0 = Release|Any CPU
		{97B8529F-7C99-4F6E-977D-DF007406930A}.Release|x64.ActiveCfg = Release|Any CPU
		{97B8529F-7C99-4F6E-977D-DF007406930A}.Release|x64.Build.0 = Release|Any CPU
		{97F1E22B-EDAA-4118-A63C-15F4148DA5A2}.Debug|Any CPU.ActiveCfg = Debug|Any CPU
		{97F1E22B-EDAA-4118-A63C-15F4148DA5A2}.Debug|Any CPU.Build.0 = Debug|Any CPU
		{97F1E22B-EDAA-4118-A63C-15F4148DA5A2}.Debug|x64.ActiveCfg = Debug|Any CPU
		{97F1E22B-EDAA-4118-A63C-15F4148DA5A2}.Debug|x64.Build.0 = Debug|Any CPU
		{97F1E22B-EDAA-4118-A63C-15F4148DA5A2}.Release|Any CPU.ActiveCfg = Release|Any CPU
		{97F1E22B-EDAA-4118-A63C-15F4148DA5A2}.Release|Any CPU.Build.0 = Release|Any CPU
		{97F1E22B-EDAA-4118-A63C-15F4148DA5A2}.Release|x64.ActiveCfg = Release|Any CPU
		{97F1E22B-EDAA-4118-A63C-15F4148DA5A2}.Release|x64.Build.0 = Release|Any CPU
		{40EFEE5A-7B0B-4093-B968-44FEF186DCB2}.Debug|Any CPU.ActiveCfg = Debug|Any CPU
		{40EFEE5A-7B0B-4093-B968-44FEF186DCB2}.Debug|Any CPU.Build.0 = Debug|Any CPU
		{40EFEE5A-7B0B-4093-B968-44FEF186DCB2}.Debug|x64.ActiveCfg = Debug|Any CPU
		{40EFEE5A-7B0B-4093-B968-44FEF186DCB2}.Debug|x64.Build.0 = Debug|Any CPU
		{40EFEE5A-7B0B-4093-B968-44FEF186DCB2}.Release|Any CPU.ActiveCfg = Release|Any CPU
		{40EFEE5A-7B0B-4093-B968-44FEF186DCB2}.Release|Any CPU.Build.0 = Release|Any CPU
		{40EFEE5A-7B0B-4093-B968-44FEF186DCB2}.Release|x64.ActiveCfg = Release|Any CPU
		{40EFEE5A-7B0B-4093-B968-44FEF186DCB2}.Release|x64.Build.0 = Release|Any CPU
		{17E043A0-74BE-4498-8071-CC9DB84990A8}.Debug|Any CPU.ActiveCfg = Debug|Any CPU
		{17E043A0-74BE-4498-8071-CC9DB84990A8}.Debug|Any CPU.Build.0 = Debug|Any CPU
		{17E043A0-74BE-4498-8071-CC9DB84990A8}.Debug|x64.ActiveCfg = Debug|Any CPU
		{17E043A0-74BE-4498-8071-CC9DB84990A8}.Debug|x64.Build.0 = Debug|Any CPU
		{17E043A0-74BE-4498-8071-CC9DB84990A8}.Release|Any CPU.ActiveCfg = Release|Any CPU
		{17E043A0-74BE-4498-8071-CC9DB84990A8}.Release|Any CPU.Build.0 = Release|Any CPU
		{17E043A0-74BE-4498-8071-CC9DB84990A8}.Release|x64.ActiveCfg = Release|Any CPU
		{17E043A0-74BE-4498-8071-CC9DB84990A8}.Release|x64.Build.0 = Release|Any CPU
		{D464C8CF-6215-4018-95BF-6BC07461814C}.Debug|Any CPU.ActiveCfg = Debug|Any CPU
		{D464C8CF-6215-4018-95BF-6BC07461814C}.Debug|Any CPU.Build.0 = Debug|Any CPU
		{D464C8CF-6215-4018-95BF-6BC07461814C}.Debug|x64.ActiveCfg = Debug|Any CPU
		{D464C8CF-6215-4018-95BF-6BC07461814C}.Debug|x64.Build.0 = Debug|Any CPU
		{D464C8CF-6215-4018-95BF-6BC07461814C}.Release|Any CPU.ActiveCfg = Release|Any CPU
		{D464C8CF-6215-4018-95BF-6BC07461814C}.Release|Any CPU.Build.0 = Release|Any CPU
		{D464C8CF-6215-4018-95BF-6BC07461814C}.Release|x64.ActiveCfg = Release|Any CPU
		{D464C8CF-6215-4018-95BF-6BC07461814C}.Release|x64.Build.0 = Release|Any CPU
		{13CBF85C-AAA6-4531-8B15-02863C79D226}.Debug|Any CPU.ActiveCfg = Debug|Any CPU
		{13CBF85C-AAA6-4531-8B15-02863C79D226}.Debug|Any CPU.Build.0 = Debug|Any CPU
		{13CBF85C-AAA6-4531-8B15-02863C79D226}.Debug|x64.ActiveCfg = Debug|Any CPU
		{13CBF85C-AAA6-4531-8B15-02863C79D226}.Debug|x64.Build.0 = Debug|Any CPU
		{13CBF85C-AAA6-4531-8B15-02863C79D226}.Release|Any CPU.ActiveCfg = Release|Any CPU
		{13CBF85C-AAA6-4531-8B15-02863C79D226}.Release|Any CPU.Build.0 = Release|Any CPU
		{13CBF85C-AAA6-4531-8B15-02863C79D226}.Release|x64.ActiveCfg = Release|Any CPU
		{13CBF85C-AAA6-4531-8B15-02863C79D226}.Release|x64.Build.0 = Release|Any CPU
		{EC35E59B-A76E-4B4E-B324-8A9DF5145923}.Debug|Any CPU.ActiveCfg = Debug|Any CPU
		{EC35E59B-A76E-4B4E-B324-8A9DF5145923}.Debug|Any CPU.Build.0 = Debug|Any CPU
		{EC35E59B-A76E-4B4E-B324-8A9DF5145923}.Debug|x64.ActiveCfg = Debug|Any CPU
		{EC35E59B-A76E-4B4E-B324-8A9DF5145923}.Debug|x64.Build.0 = Debug|Any CPU
		{EC35E59B-A76E-4B4E-B324-8A9DF5145923}.Release|Any CPU.ActiveCfg = Release|Any CPU
		{EC35E59B-A76E-4B4E-B324-8A9DF5145923}.Release|Any CPU.Build.0 = Release|Any CPU
		{EC35E59B-A76E-4B4E-B324-8A9DF5145923}.Release|x64.ActiveCfg = Release|Any CPU
		{EC35E59B-A76E-4B4E-B324-8A9DF5145923}.Release|x64.Build.0 = Release|Any CPU
		{35C8C5F1-3145-4929-A660-6E78A41B8DD4}.Debug|Any CPU.ActiveCfg = Debug|Any CPU
		{35C8C5F1-3145-4929-A660-6E78A41B8DD4}.Debug|Any CPU.Build.0 = Debug|Any CPU
		{35C8C5F1-3145-4929-A660-6E78A41B8DD4}.Debug|x64.ActiveCfg = Debug|Any CPU
		{35C8C5F1-3145-4929-A660-6E78A41B8DD4}.Debug|x64.Build.0 = Debug|Any CPU
		{35C8C5F1-3145-4929-A660-6E78A41B8DD4}.Release|Any CPU.ActiveCfg = Release|Any CPU
		{35C8C5F1-3145-4929-A660-6E78A41B8DD4}.Release|Any CPU.Build.0 = Release|Any CPU
		{35C8C5F1-3145-4929-A660-6E78A41B8DD4}.Release|x64.ActiveCfg = Release|Any CPU
		{35C8C5F1-3145-4929-A660-6E78A41B8DD4}.Release|x64.Build.0 = Release|Any CPU
		{FA1DD566-77EA-46C5-992F-9ABF85A7D499}.Debug|Any CPU.ActiveCfg = Debug|Any CPU
		{FA1DD566-77EA-46C5-992F-9ABF85A7D499}.Debug|Any CPU.Build.0 = Debug|Any CPU
		{FA1DD566-77EA-46C5-992F-9ABF85A7D499}.Debug|x64.ActiveCfg = Debug|Any CPU
		{FA1DD566-77EA-46C5-992F-9ABF85A7D499}.Debug|x64.Build.0 = Debug|Any CPU
		{FA1DD566-77EA-46C5-992F-9ABF85A7D499}.Release|Any CPU.ActiveCfg = Release|Any CPU
		{FA1DD566-77EA-46C5-992F-9ABF85A7D499}.Release|Any CPU.Build.0 = Release|Any CPU
		{FA1DD566-77EA-46C5-992F-9ABF85A7D499}.Release|x64.ActiveCfg = Release|Any CPU
		{FA1DD566-77EA-46C5-992F-9ABF85A7D499}.Release|x64.Build.0 = Release|Any CPU
		{7221F7E6-48F4-43A8-BE2C-CA92D6BE4691}.Debug|Any CPU.ActiveCfg = Debug|Any CPU
		{7221F7E6-48F4-43A8-BE2C-CA92D6BE4691}.Debug|Any CPU.Build.0 = Debug|Any CPU
		{7221F7E6-48F4-43A8-BE2C-CA92D6BE4691}.Debug|x64.ActiveCfg = Debug|Any CPU
		{7221F7E6-48F4-43A8-BE2C-CA92D6BE4691}.Debug|x64.Build.0 = Debug|Any CPU
		{7221F7E6-48F4-43A8-BE2C-CA92D6BE4691}.Release|Any CPU.ActiveCfg = Release|Any CPU
		{7221F7E6-48F4-43A8-BE2C-CA92D6BE4691}.Release|Any CPU.Build.0 = Release|Any CPU
		{7221F7E6-48F4-43A8-BE2C-CA92D6BE4691}.Release|x64.ActiveCfg = Release|Any CPU
		{7221F7E6-48F4-43A8-BE2C-CA92D6BE4691}.Release|x64.Build.0 = Release|Any CPU
		{2A3B4E5F-0794-4B0B-99BA-423B20BDA79F}.Debug|Any CPU.ActiveCfg = Debug|Any CPU
		{2A3B4E5F-0794-4B0B-99BA-423B20BDA79F}.Debug|Any CPU.Build.0 = Debug|Any CPU
		{2A3B4E5F-0794-4B0B-99BA-423B20BDA79F}.Debug|x64.ActiveCfg = Debug|Any CPU
		{2A3B4E5F-0794-4B0B-99BA-423B20BDA79F}.Debug|x64.Build.0 = Debug|Any CPU
		{2A3B4E5F-0794-4B0B-99BA-423B20BDA79F}.Release|Any CPU.ActiveCfg = Release|Any CPU
		{2A3B4E5F-0794-4B0B-99BA-423B20BDA79F}.Release|Any CPU.Build.0 = Release|Any CPU
		{2A3B4E5F-0794-4B0B-99BA-423B20BDA79F}.Release|x64.ActiveCfg = Release|Any CPU
		{2A3B4E5F-0794-4B0B-99BA-423B20BDA79F}.Release|x64.Build.0 = Release|Any CPU
		{7549E3DF-72BE-4B7F-9F73-5FA500160C73}.Debug|Any CPU.ActiveCfg = Debug|Any CPU
		{7549E3DF-72BE-4B7F-9F73-5FA500160C73}.Debug|Any CPU.Build.0 = Debug|Any CPU
		{7549E3DF-72BE-4B7F-9F73-5FA500160C73}.Debug|x64.ActiveCfg = Debug|Any CPU
		{7549E3DF-72BE-4B7F-9F73-5FA500160C73}.Debug|x64.Build.0 = Debug|Any CPU
		{7549E3DF-72BE-4B7F-9F73-5FA500160C73}.Release|Any CPU.ActiveCfg = Release|Any CPU
		{7549E3DF-72BE-4B7F-9F73-5FA500160C73}.Release|Any CPU.Build.0 = Release|Any CPU
		{7549E3DF-72BE-4B7F-9F73-5FA500160C73}.Release|x64.ActiveCfg = Release|Any CPU
		{7549E3DF-72BE-4B7F-9F73-5FA500160C73}.Release|x64.Build.0 = Release|Any CPU
		{1014A415-992C-4759-86B2-C70BA208AAF8}.Debug|Any CPU.ActiveCfg = Debug|Any CPU
		{1014A415-992C-4759-86B2-C70BA208AAF8}.Debug|Any CPU.Build.0 = Debug|Any CPU
		{1014A415-992C-4759-86B2-C70BA208AAF8}.Debug|x64.ActiveCfg = Debug|Any CPU
		{1014A415-992C-4759-86B2-C70BA208AAF8}.Debug|x64.Build.0 = Debug|Any CPU
		{1014A415-992C-4759-86B2-C70BA208AAF8}.Release|Any CPU.ActiveCfg = Release|Any CPU
		{1014A415-992C-4759-86B2-C70BA208AAF8}.Release|Any CPU.Build.0 = Release|Any CPU
		{1014A415-992C-4759-86B2-C70BA208AAF8}.Release|x64.ActiveCfg = Release|Any CPU
		{1014A415-992C-4759-86B2-C70BA208AAF8}.Release|x64.Build.0 = Release|Any CPU
	EndGlobalSection
	GlobalSection(SolutionProperties) = preSolution
		HideSolutionNode = FALSE
	EndGlobalSection
	GlobalSection(NestedProjects) = preSolution
		{D2D3F95F-142A-42AF-8A40-A078EEFDE8BF} = {E381BABA-A3BD-4535-A721-87978174170B}
		{67D05FD1-F93C-47B0-907B-AA2F072F0332} = {58B47ECF-7DE5-4AC2-9EBC-EB624F0E7BE5}
		{E381BABA-A3BD-4535-A721-87978174170B} = {EBAFD0AD-A48B-4218-9A7E-0C62D270EB3F}
		{7717A788-31FD-46C4-AEEE-0A1860F4CAA0} = {E381BABA-A3BD-4535-A721-87978174170B}
		{58B47ECF-7DE5-4AC2-9EBC-EB624F0E7BE5} = {7717A788-31FD-46C4-AEEE-0A1860F4CAA0}
		{2406CE3A-C69E-469E-9023-94D3CDFD7FE3} = {7717A788-31FD-46C4-AEEE-0A1860F4CAA0}
		{2B9FB982-F95C-4396-9596-7666AB7EE52B} = {2406CE3A-C69E-469E-9023-94D3CDFD7FE3}
		{8E022C57-65D4-4062-B2F4-C4D6DC5FD8B4} = {2406CE3A-C69E-469E-9023-94D3CDFD7FE3}
		{A80F2367-36F0-4474-8947-B88298B7ABBA} = {EBAFD0AD-A48B-4218-9A7E-0C62D270EB3F}
		{18B9DDAD-D0EF-4A0F-94DE-B7E78FE0F510} = {A80F2367-36F0-4474-8947-B88298B7ABBA}
		{1FBB2045-2A20-44C0-812C-9AB84125B386} = {A80F2367-36F0-4474-8947-B88298B7ABBA}
		{39442EDF-7F31-4DFC-9C22-595A2FDB638E} = {7717A788-31FD-46C4-AEEE-0A1860F4CAA0}
		{5B412996-7E3F-4910-ABFA-0538F26137AC} = {39442EDF-7F31-4DFC-9C22-595A2FDB638E}
		{EE6B97FD-C9E9-4940-ABA1-5325A116985D} = {EBAFD0AD-A48B-4218-9A7E-0C62D270EB3F}
		{BFC77461-235A-41E8-BF34-B904E29D3907} = {EE6B97FD-C9E9-4940-ABA1-5325A116985D}
		{BE677003-1228-487D-9597-1F7936A6477A} = {8E022C57-65D4-4062-B2F4-C4D6DC5FD8B4}
		{00CC7A58-A86C-474C-9FE5-6410031CCA5E} = {8E022C57-65D4-4062-B2F4-C4D6DC5FD8B4}
		{30118CFF-0837-44B7-BA35-70BE09F2F702} = {8E022C57-65D4-4062-B2F4-C4D6DC5FD8B4}
		{092FFA03-A51D-47BD-BC93-C7E881AFDC21} = {8E022C57-65D4-4062-B2F4-C4D6DC5FD8B4}
		{E924E775-2A54-43A5-AF29-60308070E803} = {EE6B97FD-C9E9-4940-ABA1-5325A116985D}
		{34D8851D-7EA2-4E5A-9390-123D9C4286A4} = {D181EA46-FA55-4655-89E4-DA6A3F753D79}
		{FE0137E6-5C6D-4AA6-B35C-E683A9484A79} = {34D8851D-7EA2-4E5A-9390-123D9C4286A4}
		{76113461-3DDD-46E1-BADC-2AC11427A68B} = {FE0137E6-5C6D-4AA6-B35C-E683A9484A79}
		{FB259277-5593-435E-A58C-EF9F7B880450} = {FE0137E6-5C6D-4AA6-B35C-E683A9484A79}
		{51F40A9B-9885-4D00-BDF3-4A1986DDA866} = {FE0137E6-5C6D-4AA6-B35C-E683A9484A79}
		{5F5CC5C5-1C4A-4B0D-8541-01F09627D09B} = {FE0137E6-5C6D-4AA6-B35C-E683A9484A79}
		{97B8529F-7C99-4F6E-977D-DF007406930A} = {FE0137E6-5C6D-4AA6-B35C-E683A9484A79}
		{97F1E22B-EDAA-4118-A63C-15F4148DA5A2} = {8E022C57-65D4-4062-B2F4-C4D6DC5FD8B4}
		{42E281F0-94A4-4147-95AC-43D0F6E3A3C2} = {58B47ECF-7DE5-4AC2-9EBC-EB624F0E7BE5}
		{40EFEE5A-7B0B-4093-B968-44FEF186DCB2} = {42E281F0-94A4-4147-95AC-43D0F6E3A3C2}
		{17E043A0-74BE-4498-8071-CC9DB84990A8} = {8E022C57-65D4-4062-B2F4-C4D6DC5FD8B4}
		{B5D4336D-4387-42E8-A3CC-B5051A79F89D} = {BFC77461-235A-41E8-BF34-B904E29D3907}
		{AE06DCDF-9043-40F6-987F-523758843FD7} = {B5D4336D-4387-42E8-A3CC-B5051A79F89D}
		{D464C8CF-6215-4018-95BF-6BC07461814C} = {FE0137E6-5C6D-4AA6-B35C-E683A9484A79}
		{13CBF85C-AAA6-4531-8B15-02863C79D226} = {AE06DCDF-9043-40F6-987F-523758843FD7}
		{B88896FB-4845-4712-B1D4-3E9CDF5BAB38} = {BFC77461-235A-41E8-BF34-B904E29D3907}
		{EC35E59B-A76E-4B4E-B324-8A9DF5145923} = {AE06DCDF-9043-40F6-987F-523758843FD7}
		{35C8C5F1-3145-4929-A660-6E78A41B8DD4} = {AE06DCDF-9043-40F6-987F-523758843FD7}
		{FA1DD566-77EA-46C5-992F-9ABF85A7D499} = {AE06DCDF-9043-40F6-987F-523758843FD7}
		{7221F7E6-48F4-43A8-BE2C-CA92D6BE4691} = {AE06DCDF-9043-40F6-987F-523758843FD7}
		{D445C24E-9EBF-4E70-A413-4546C483A73C} = {BFC77461-235A-41E8-BF34-B904E29D3907}
		{D181EA46-FA55-4655-89E4-DA6A3F753D79} = {D445C24E-9EBF-4E70-A413-4546C483A73C}
		{2A3B4E5F-0794-4B0B-99BA-423B20BDA79F} = {D445C24E-9EBF-4E70-A413-4546C483A73C}
		{5841B2F6-9402-4A45-BFF9-6D3A39FFE974} = {B88896FB-4845-4712-B1D4-3E9CDF5BAB38}
		{7549E3DF-72BE-4B7F-9F73-5FA500160C73} = {5841B2F6-9402-4A45-BFF9-6D3A39FFE974}
		{1014A415-992C-4759-86B2-C70BA208AAF8} = {B88896FB-4845-4712-B1D4-3E9CDF5BAB38}
	EndGlobalSection
	GlobalSection(ExtensibilityGlobals) = postSolution
		SolutionGuid = {6B7C7A1D-7898-4C42-9142-1993AA67B97A}
	EndGlobalSection
EndGlobal
